{
  "requires": true,
  "lockfileVersion": 1,
  "dependencies": {
    "buefy": {
      "version": "0.9.13",
      "resolved": "https://registry.npmjs.org/buefy/-/buefy-0.9.13.tgz",
      "integrity": "sha512-W8QhvAz+YlKhxDQe/oag4Fl/zYTvXOPoNVr4pseYDR7r52Ta6s51iedBdvw4It68Sq+g7mcxIzwK7mv3PR6O4g==",
      "requires": {
        "bulma": "0.9.3"
      }
    },
    "bulma": {
      "version": "0.9.3",
      "resolved": "https://registry.npmjs.org/bulma/-/bulma-0.9.3.tgz",
      "integrity": "sha512-0d7GNW1PY4ud8TWxdNcP6Cc8Bu7MxcntD/RRLGWuiw/s0a9P+XlH/6QoOIrmbj6o8WWJzJYhytiu9nFjTszk1g=="
    }
  }
}
